// !$*UTF8*$!
{
	archiveVersion = 1;
	classes = {
	};
	objectVersion = 46;
	objects = {

/* Begin PBXBuildFile section */
		1416A55A1D297A43003F0A6F /* MineTableViewCell.m in Sources */ = {isa = PBXBuildFile; fileRef = 1416A5561D297A43003F0A6F /* MineTableViewCell.m */; };
		1416A55B1D297A43003F0A6F /* MineViewController.m in Sources */ = {isa = PBXBuildFile; fileRef = 1416A5591D297A43003F0A6F /* MineViewController.m */; };
		1454679D1D2C2E32005E153B /* FQPageScrollView.m in Sources */ = {isa = PBXBuildFile; fileRef = 1454679C1D2C2E32005E153B /* FQPageScrollView.m */; };
		145B0A511D2591BA004BE429 /* main.m in Sources */ = {isa = PBXBuildFile; fileRef = 145B0A501D2591BA004BE429 /* main.m */; };
		145B0A541D2591BA004BE429 /* AppDelegate.m in Sources */ = {isa = PBXBuildFile; fileRef = 145B0A531D2591BA004BE429 /* AppDelegate.m */; };
		145B0A5C1D2591BA004BE429 /* Assets.xcassets in Resources */ = {isa = PBXBuildFile; fileRef = 145B0A5B1D2591BA004BE429 /* Assets.xcassets */; };
		145B0A5F1D2591BA004BE429 /* LaunchScreen.storyboard in Resources */ = {isa = PBXBuildFile; fileRef = 145B0A5D1D2591BA004BE429 /* LaunchScreen.storyboard */; };
		14974BA71D2C80E500A32D48 /* FQPopViewController.m in Sources */ = {isa = PBXBuildFile; fileRef = 14974BA61D2C80E500A32D48 /* FQPopViewController.m */; };
		14974BAA1D2C81BE00A32D48 /* ArticleContentViewController.m in Sources */ = {isa = PBXBuildFile; fileRef = 14974BA91D2C81BE00A32D48 /* ArticleContentViewController.m */; };
		14974BB01D2CB57400A32D48 /* MyInformationViewController.m in Sources */ = {isa = PBXBuildFile; fileRef = 14974BAF1D2CB57400A32D48 /* MyInformationViewController.m */; };
		149E8EC71D2BB55C00B88951 /* HomeArticleListTableViewCell.m in Sources */ = {isa = PBXBuildFile; fileRef = 149E8EC61D2BB55C00B88951 /* HomeArticleListTableViewCell.m */; };
		14A680281D2704F60073FAAA /* AttensionViewController.m in Sources */ = {isa = PBXBuildFile; fileRef = 14A680061D2704F60073FAAA /* AttensionViewController.m */; };
		14A680291D2704F60073FAAA /* MyCustomTabBar.m in Sources */ = {isa = PBXBuildFile; fileRef = 14A680091D2704F60073FAAA /* MyCustomTabBar.m */; };
		14A6802A1D2704F60073FAAA /* FindViewController.m in Sources */ = {isa = PBXBuildFile; fileRef = 14A6800F1D2704F60073FAAA /* FindViewController.m */; };
		14A6802D1D2704F60073FAAA /* NotificationViewController.m in Sources */ = {isa = PBXBuildFile; fileRef = 14A6801D1D2704F60073FAAA /* NotificationViewController.m */; };
		14A6802E1D2704F60073FAAA /* PublicClass.m in Sources */ = {isa = PBXBuildFile; fileRef = 14A680211D2704F60073FAAA /* PublicClass.m */; };
		14A6802F1D2704F60073FAAA /* PublishViewController.m in Sources */ = {isa = PBXBuildFile; fileRef = 14A680271D2704F60073FAAA /* PublishViewController.m */; };
		14A680321D2705660073FAAA /* MyTabbarController.m in Sources */ = {isa = PBXBuildFile; fileRef = 14A680311D2705660073FAAA /* MyTabbarController.m */; };
		14A680351D2705F20073FAAA /* CollectionCellImageView.m in Sources */ = {isa = PBXBuildFile; fileRef = 14A680341D2705F20073FAAA /* CollectionCellImageView.m */; };
		14B1A1601D2A6BD000D065B6 /* AttenssionTableViewCell.m in Sources */ = {isa = PBXBuildFile; fileRef = 14B1A15F1D2A6BD000D065B6 /* AttenssionTableViewCell.m */; };
		14E028D41D27B72D00767AF2 /* SearchResultViewController.m in Sources */ = {isa = PBXBuildFile; fileRef = 14E028D31D27B72D00767AF2 /* SearchResultViewController.m */; };
		14E028D71D27B78D00767AF2 /* HorizontalScrollView.m in Sources */ = {isa = PBXBuildFile; fileRef = 14E028D61D27B78D00767AF2 /* HorizontalScrollView.m */; };
		14E028DA1D27DEF000767AF2 /* HomeTableHeaderView.m in Sources */ = {isa = PBXBuildFile; fileRef = 14E028D91D27DEF000767AF2 /* HomeTableHeaderView.m */; };
		14E3E75B1D2AD7A700D2E7D5 /* MineUserInformationClass.m in Sources */ = {isa = PBXBuildFile; fileRef = 14E3E75A1D2AD7A700D2E7D5 /* MineUserInformationClass.m */; };
		14E3E75E1D2ADBE700D2E7D5 /* MineTitleClass.m in Sources */ = {isa = PBXBuildFile; fileRef = 14E3E75D1D2ADBE700D2E7D5 /* MineTitleClass.m */; };
		14F40E1C1D2D3CFD0039119A /* FQCustomToolbarView.m in Sources */ = {isa = PBXBuildFile; fileRef = 14F40E1B1D2D3CFD0039119A /* FQCustomToolbarView.m */; };
		6A44CBB9BD2BD29C41F86C2F /* libPods-jianshuDemo.a in Frameworks */ = {isa = PBXBuildFile; fileRef = A3F14BAAE97C124A042D6A9F /* libPods-jianshuDemo.a */; };
/* End PBXBuildFile section */

/* Begin PBXFileReference section */
		1416A5551D297A43003F0A6F /* MineTableViewCell.h */ = {isa = PBXFileReference; fileEncoding = 4; lastKnownFileType = sourcecode.c.h; path = MineTableViewCell.h; sourceTree = "<group>"; };
		1416A5561D297A43003F0A6F /* MineTableViewCell.m */ = {isa = PBXFileReference; fileEncoding = 4; lastKnownFileType = sourcecode.c.objc; path = MineTableViewCell.m; sourceTree = "<group>"; };
		1416A5581D297A43003F0A6F /* MineViewController.h */ = {isa = PBXFileReference; fileEncoding = 4; lastKnownFileType = sourcecode.c.h; path = MineViewController.h; sourceTree = "<group>"; };
		1416A5591D297A43003F0A6F /* MineViewController.m */ = {isa = PBXFileReference; fileEncoding = 4; lastKnownFileType = sourcecode.c.objc; path = MineViewController.m; sourceTree = "<group>"; };
		1454679B1D2C2E32005E153B /* FQPageScrollView.h */ = {isa = PBXFileReference; fileEncoding = 4; lastKnownFileType = sourcecode.c.h; path = FQPageScrollView.h; sourceTree = "<group>"; };
		1454679C1D2C2E32005E153B /* FQPageScrollView.m */ = {isa = PBXFileReference; fileEncoding = 4; lastKnownFileType = sourcecode.c.objc; path = FQPageScrollView.m; sourceTree = "<group>"; };
		145B0A4C1D2591BA004BE429 /* jianshuDemo.app */ = {isa = PBXFileReference; explicitFileType = wrapper.application; includeInIndex = 0; path = jianshuDemo.app; sourceTree = BUILT_PRODUCTS_DIR; };
		145B0A501D2591BA004BE429 /* main.m */ = {isa = PBXFileReference; lastKnownFileType = sourcecode.c.objc; path = main.m; sourceTree = "<group>"; };
		145B0A521D2591BA004BE429 /* AppDelegate.h */ = {isa = PBXFileReference; lastKnownFileType = sourcecode.c.h; path = AppDelegate.h; sourceTree = "<group>"; };
		145B0A531D2591BA004BE429 /* AppDelegate.m */ = {isa = PBXFileReference; lastKnownFileType = sourcecode.c.objc; path = AppDelegate.m; sourceTree = "<group>"; };
		145B0A5B1D2591BA004BE429 /* Assets.xcassets */ = {isa = PBXFileReference; lastKnownFileType = folder.assetcatalog; path = Assets.xcassets; sourceTree = "<group>"; };
		145B0A5E1D2591BA004BE429 /* Base */ = {isa = PBXFileReference; lastKnownFileType = file.storyboard; name = Base; path = Base.lproj/LaunchScreen.storyboard; sourceTree = "<group>"; };
		145B0A601D2591BA004BE429 /* Info.plist */ = {isa = PBXFileReference; lastKnownFileType = text.plist.xml; path = Info.plist; sourceTree = "<group>"; };
		14974BA51D2C80E500A32D48 /* FQPopViewController.h */ = {isa = PBXFileReference; fileEncoding = 4; lastKnownFileType = sourcecode.c.h; path = FQPopViewController.h; sourceTree = "<group>"; };
		14974BA61D2C80E500A32D48 /* FQPopViewController.m */ = {isa = PBXFileReference; fileEncoding = 4; lastKnownFileType = sourcecode.c.objc; path = FQPopViewController.m; sourceTree = "<group>"; };
		14974BA81D2C81BE00A32D48 /* ArticleContentViewController.h */ = {isa = PBXFileReference; fileEncoding = 4; lastKnownFileType = sourcecode.c.h; path = ArticleContentViewController.h; sourceTree = "<group>"; };
		14974BA91D2C81BE00A32D48 /* ArticleContentViewController.m */ = {isa = PBXFileReference; fileEncoding = 4; lastKnownFileType = sourcecode.c.objc; path = ArticleContentViewController.m; sourceTree = "<group>"; };
		14974BAE1D2CB57400A32D48 /* MyInformationViewController.h */ = {isa = PBXFileReference; fileEncoding = 4; lastKnownFileType = sourcecode.c.h; path = MyInformationViewController.h; sourceTree = "<group>"; };
		14974BAF1D2CB57400A32D48 /* MyInformationViewController.m */ = {isa = PBXFileReference; fileEncoding = 4; lastKnownFileType = sourcecode.c.objc; path = MyInformationViewController.m; sourceTree = "<group>"; };
		149E8EC51D2BB55C00B88951 /* HomeArticleListTableViewCell.h */ = {isa = PBXFileReference; fileEncoding = 4; lastKnownFileType = sourcecode.c.h; path = HomeArticleListTableViewCell.h; sourceTree = "<group>"; };
		149E8EC61D2BB55C00B88951 /* HomeArticleListTableViewCell.m */ = {isa = PBXFileReference; fileEncoding = 4; lastKnownFileType = sourcecode.c.objc; path = HomeArticleListTableViewCell.m; sourceTree = "<group>"; };
		14A680051D2704F60073FAAA /* AttensionViewController.h */ = {isa = PBXFileReference; fileEncoding = 4; lastKnownFileType = sourcecode.c.h; path = AttensionViewController.h; sourceTree = "<group>"; };
		14A680061D2704F60073FAAA /* AttensionViewController.m */ = {isa = PBXFileReference; fileEncoding = 4; lastKnownFileType = sourcecode.c.objc; path = AttensionViewController.m; sourceTree = "<group>"; };
		14A680081D2704F60073FAAA /* MyCustomTabBar.h */ = {isa = PBXFileReference; fileEncoding = 4; lastKnownFileType = sourcecode.c.h; path = MyCustomTabBar.h; sourceTree = "<group>"; };
		14A680091D2704F60073FAAA /* MyCustomTabBar.m */ = {isa = PBXFileReference; fileEncoding = 4; lastKnownFileType = sourcecode.c.objc; path = MyCustomTabBar.m; sourceTree = "<group>"; };
		14A6800E1D2704F60073FAAA /* FindViewController.h */ = {isa = PBXFileReference; fileEncoding = 4; lastKnownFileType = sourcecode.c.h; path = FindViewController.h; sourceTree = "<group>"; };
		14A6800F1D2704F60073FAAA /* FindViewController.m */ = {isa = PBXFileReference; fileEncoding = 4; lastKnownFileType = sourcecode.c.objc; path = FindViewController.m; sourceTree = "<group>"; };
		14A6801C1D2704F60073FAAA /* NotificationViewController.h */ = {isa = PBXFileReference; fileEncoding = 4; lastKnownFileType = sourcecode.c.h; path = NotificationViewController.h; sourceTree = "<group>"; };
		14A6801D1D2704F60073FAAA /* NotificationViewController.m */ = {isa = PBXFileReference; fileEncoding = 4; lastKnownFileType = sourcecode.c.objc; path = NotificationViewController.m; sourceTree = "<group>"; };
		14A680201D2704F60073FAAA /* PublicClass.h */ = {isa = PBXFileReference; fileEncoding = 4; lastKnownFileType = sourcecode.c.h; path = PublicClass.h; sourceTree = "<group>"; };
		14A680211D2704F60073FAAA /* PublicClass.m */ = {isa = PBXFileReference; fileEncoding = 4; lastKnownFileType = sourcecode.c.objc; path = PublicClass.m; sourceTree = "<group>"; };
		14A680261D2704F60073FAAA /* PublishViewController.h */ = {isa = PBXFileReference; fileEncoding = 4; lastKnownFileType = sourcecode.c.h; path = PublishViewController.h; sourceTree = "<group>"; };
		14A680271D2704F60073FAAA /* PublishViewController.m */ = {isa = PBXFileReference; fileEncoding = 4; lastKnownFileType = sourcecode.c.objc; path = PublishViewController.m; sourceTree = "<group>"; };
		14A680301D2705660073FAAA /* MyTabbarController.h */ = {isa = PBXFileReference; fileEncoding = 4; lastKnownFileType = sourcecode.c.h; path = MyTabbarController.h; sourceTree = "<group>"; };
		14A680311D2705660073FAAA /* MyTabbarController.m */ = {isa = PBXFileReference; fileEncoding = 4; lastKnownFileType = sourcecode.c.objc; path = MyTabbarController.m; sourceTree = "<group>"; };
		14A680331D2705F20073FAAA /* CollectionCellImageView.h */ = {isa = PBXFileReference; fileEncoding = 4; lastKnownFileType = sourcecode.c.h; path = CollectionCellImageView.h; sourceTree = "<group>"; };
		14A680341D2705F20073FAAA /* CollectionCellImageView.m */ = {isa = PBXFileReference; fileEncoding = 4; lastKnownFileType = sourcecode.c.objc; path = CollectionCellImageView.m; sourceTree = "<group>"; };
		14B1A15E1D2A6BD000D065B6 /* AttenssionTableViewCell.h */ = {isa = PBXFileReference; fileEncoding = 4; lastKnownFileType = sourcecode.c.h; path = AttenssionTableViewCell.h; sourceTree = "<group>"; };
		14B1A15F1D2A6BD000D065B6 /* AttenssionTableViewCell.m */ = {isa = PBXFileReference; fileEncoding = 4; lastKnownFileType = sourcecode.c.objc; path = AttenssionTableViewCell.m; sourceTree = "<group>"; };
		14E028D21D27B72D00767AF2 /* SearchResultViewController.h */ = {isa = PBXFileReference; fileEncoding = 4; lastKnownFileType = sourcecode.c.h; path = SearchResultViewController.h; sourceTree = "<group>"; };
		14E028D31D27B72D00767AF2 /* SearchResultViewController.m */ = {isa = PBXFileReference; fileEncoding = 4; lastKnownFileType = sourcecode.c.objc; path = SearchResultViewController.m; sourceTree = "<group>"; };
		14E028D51D27B78D00767AF2 /* HorizontalScrollView.h */ = {isa = PBXFileReference; fileEncoding = 4; lastKnownFileType = sourcecode.c.h; path = HorizontalScrollView.h; sourceTree = "<group>"; };
		14E028D61D27B78D00767AF2 /* HorizontalScrollView.m */ = {isa = PBXFileReference; fileEncoding = 4; lastKnownFileType = sourcecode.c.objc; path = HorizontalScrollView.m; sourceTree = "<group>"; };
		14E028D81D27DEF000767AF2 /* HomeTableHeaderView.h */ = {isa = PBXFileReference; fileEncoding = 4; lastKnownFileType = sourcecode.c.h; path = HomeTableHeaderView.h; sourceTree = "<group>"; };
		14E028D91D27DEF000767AF2 /* HomeTableHeaderView.m */ = {isa = PBXFileReference; fileEncoding = 4; lastKnownFileType = sourcecode.c.objc; path = HomeTableHeaderView.m; sourceTree = "<group>"; };
		14E3E7591D2AD7A700D2E7D5 /* MineUserInformationClass.h */ = {isa = PBXFileReference; fileEncoding = 4; lastKnownFileType = sourcecode.c.h; path = MineUserInformationClass.h; sourceTree = "<group>"; };
		14E3E75A1D2AD7A700D2E7D5 /* MineUserInformationClass.m */ = {isa = PBXFileReference; fileEncoding = 4; lastKnownFileType = sourcecode.c.objc; path = MineUserInformationClass.m; sourceTree = "<group>"; };
		14E3E75C1D2ADBE700D2E7D5 /* MineTitleClass.h */ = {isa = PBXFileReference; fileEncoding = 4; lastKnownFileType = sourcecode.c.h; path = MineTitleClass.h; sourceTree = "<group>"; };
		14E3E75D1D2ADBE700D2E7D5 /* MineTitleClass.m */ = {isa = PBXFileReference; fileEncoding = 4; lastKnownFileType = sourcecode.c.objc; path = MineTitleClass.m; sourceTree = "<group>"; };
		14F40E1A1D2D3CFD0039119A /* FQCustomToolbarView.h */ = {isa = PBXFileReference; fileEncoding = 4; lastKnownFileType = sourcecode.c.h; path = FQCustomToolbarView.h; sourceTree = "<group>"; };
		14F40E1B1D2D3CFD0039119A /* FQCustomToolbarView.m */ = {isa = PBXFileReference; fileEncoding = 4; lastKnownFileType = sourcecode.c.objc; path = FQCustomToolbarView.m; sourceTree = "<group>"; };
		A3F14BAAE97C124A042D6A9F /* libPods-jianshuDemo.a */ = {isa = PBXFileReference; explicitFileType = archive.ar; includeInIndex = 0; path = "libPods-jianshuDemo.a"; sourceTree = BUILT_PRODUCTS_DIR; };
		CC01C214373357DE24A22CD9 /* Pods-jianshuDemo.debug.xcconfig */ = {isa = PBXFileReference; includeInIndex = 1; lastKnownFileType = text.xcconfig; name = "Pods-jianshuDemo.debug.xcconfig"; path = "Pods/Target Support Files/Pods-jianshuDemo/Pods-jianshuDemo.debug.xcconfig"; sourceTree = "<group>"; };
		D16D3DBA8C730FC0CED39DCA /* Pods-jianshuDemo.release.xcconfig */ = {isa = PBXFileReference; includeInIndex = 1; lastKnownFileType = text.xcconfig; name = "Pods-jianshuDemo.release.xcconfig"; path = "Pods/Target Support Files/Pods-jianshuDemo/Pods-jianshuDemo.release.xcconfig"; sourceTree = "<group>"; };
/* End PBXFileReference section */

/* Begin PBXFrameworksBuildPhase section */
		145B0A491D2591BA004BE429 /* Frameworks */ = {
			isa = PBXFrameworksBuildPhase;
			buildActionMask = 2147483647;
			files = (
				6A44CBB9BD2BD29C41F86C2F /* libPods-jianshuDemo.a in Frameworks */,
			);
			runOnlyForDeploymentPostprocessing = 0;
		};
/* End PBXFrameworksBuildPhase section */

/* Begin PBXGroup section */
		1416A5521D297A43003F0A6F /* mine */ = {
			isa = PBXGroup;
			children = (
				1416A5531D297A43003F0A6F /* Model */,
				1416A5541D297A43003F0A6F /* View */,
				1416A5571D297A43003F0A6F /* ViewController */,
			);
			path = mine;
			sourceTree = "<group>";
		};
		1416A5531D297A43003F0A6F /* Model */ = {
			isa = PBXGroup;
			children = (
				14E3E7591D2AD7A700D2E7D5 /* MineUserInformationClass.h */,
				14E3E75A1D2AD7A700D2E7D5 /* MineUserInformationClass.m */,
				14E3E75C1D2ADBE700D2E7D5 /* MineTitleClass.h */,
				14E3E75D1D2ADBE700D2E7D5 /* MineTitleClass.m */,
			);
			path = Model;
			sourceTree = "<group>";
		};
		1416A5541D297A43003F0A6F /* View */ = {
			isa = PBXGroup;
			children = (
				1416A5551D297A43003F0A6F /* MineTableViewCell.h */,
				1416A5561D297A43003F0A6F /* MineTableViewCell.m */,
			);
			path = View;
			sourceTree = "<group>";
		};
		1416A5571D297A43003F0A6F /* ViewController */ = {
			isa = PBXGroup;
			children = (
				1416A5581D297A43003F0A6F /* MineViewController.h */,
				1416A5591D297A43003F0A6F /* MineViewController.m */,
			);
			path = ViewController;
			sourceTree = "<group>";
		};
		145467971D2C2587005E153B /* UserInformation */ = {
			isa = PBXGroup;
			children = (
				145467981D2C2587005E153B /* Controller */,
				145467991D2C2587005E153B /* Model */,
				1454679A1D2C2587005E153B /* View */,
			);
			path = UserInformation;
			sourceTree = "<group>";
		};
		145467981D2C2587005E153B /* Controller */ = {
			isa = PBXGroup;
			children = (
				14974BAE1D2CB57400A32D48 /* MyInformationViewController.h */,
				14974BAF1D2CB57400A32D48 /* MyInformationViewController.m */,
			);
			path = Controller;
			sourceTree = "<group>";
		};
		145467991D2C2587005E153B /* Model */ = {
			isa = PBXGroup;
			children = (
			);
			path = Model;
			sourceTree = "<group>";
		};
		1454679A1D2C2587005E153B /* View */ = {
			isa = PBXGroup;
			children = (
				1454679B1D2C2E32005E153B /* FQPageScrollView.h */,
				1454679C1D2C2E32005E153B /* FQPageScrollView.m */,
				14F40E1A1D2D3CFD0039119A /* FQCustomToolbarView.h */,
				14F40E1B1D2D3CFD0039119A /* FQCustomToolbarView.m */,
			);
			path = View;
			sourceTree = "<group>";
		};
		145B0A431D2591BA004BE429 = {
			isa = PBXGroup;
			children = (
				14974BA11D2C786700A32D48 /* ArticleContentDetail */,
				145467971D2C2587005E153B /* UserInformation */,
				1416A5521D297A43003F0A6F /* mine */,
				14A680011D2704F60073FAAA /* Attention */,
				14A680071D2704F60073FAAA /* CustomTabBar */,
				14A6800A1D2704F60073FAAA /* home */,
				14A680181D2704F60073FAAA /* Message */,
				14A6801E1D2704F60073FAAA /* PublicModel */,
				14A680221D2704F60073FAAA /* publish */,
				145B0A4E1D2591BA004BE429 /* jianshuDemo */,
				145B0A4D1D2591BA004BE429 /* Products */,
				42DB5CD6EA202EAE6D67A8F6 /* Pods */,
				8609137557A578F1495DF52F /* Frameworks */,
			);
			sourceTree = "<group>";
		};
		145B0A4D1D2591BA004BE429 /* Products */ = {
			isa = PBXGroup;
			children = (
				145B0A4C1D2591BA004BE429 /* jianshuDemo.app */,
			);
			name = Products;
			sourceTree = "<group>";
		};
		145B0A4E1D2591BA004BE429 /* jianshuDemo */ = {
			isa = PBXGroup;
			children = (
				145B0A4F1D2591BA004BE429 /* Supporting Files */,
			);
			path = jianshuDemo;
			sourceTree = "<group>";
		};
		145B0A4F1D2591BA004BE429 /* Supporting Files */ = {
			isa = PBXGroup;
			children = (
				14A680301D2705660073FAAA /* MyTabbarController.h */,
				14A680311D2705660073FAAA /* MyTabbarController.m */,
				145B0A521D2591BA004BE429 /* AppDelegate.h */,
				145B0A531D2591BA004BE429 /* AppDelegate.m */,
				145B0A501D2591BA004BE429 /* main.m */,
				145B0A5D1D2591BA004BE429 /* LaunchScreen.storyboard */,
				145B0A5B1D2591BA004BE429 /* Assets.xcassets */,
				145B0A601D2591BA004BE429 /* Info.plist */,
			);
			name = "Supporting Files";
			sourceTree = "<group>";
		};
		14974BA11D2C786700A32D48 /* ArticleContentDetail */ = {
			isa = PBXGroup;
			children = (
				14974BA21D2C786700A32D48 /* Controller */,
				14974BA31D2C786700A32D48 /* Model */,
				14974BA41D2C786700A32D48 /* View */,
			);
			path = ArticleContentDetail;
			sourceTree = "<group>";
		};
		14974BA21D2C786700A32D48 /* Controller */ = {
			isa = PBXGroup;
			children = (
				14974BA51D2C80E500A32D48 /* FQPopViewController.h */,
				14974BA61D2C80E500A32D48 /* FQPopViewController.m */,
				14974BA81D2C81BE00A32D48 /* ArticleContentViewController.h */,
				14974BA91D2C81BE00A32D48 /* ArticleContentViewController.m */,
			);
			path = Controller;
			sourceTree = "<group>";
		};
		14974BA31D2C786700A32D48 /* Model */ = {
			isa = PBXGroup;
			children = (
			);
			path = Model;
			sourceTree = "<group>";
		};
		14974BA41D2C786700A32D48 /* View */ = {
			isa = PBXGroup;
			children = (
			);
			path = View;
			sourceTree = "<group>";
		};
		14A680011D2704F60073FAAA /* Attention */ = {
			isa = PBXGroup;
			children = (
				14A680021D2704F60073FAAA /* Model */,
				14A680031D2704F60073FAAA /* View */,
				14A680041D2704F60073FAAA /* ViewController */,
			);
			path = Attention;
			sourceTree = "<group>";
		};
		14A680021D2704F60073FAAA /* Model */ = {
			isa = PBXGroup;
			children = (
			);
			path = Model;
			sourceTree = "<group>";
		};
		14A680031D2704F60073FAAA /* View */ = {
			isa = PBXGroup;
			children = (
				14B1A15E1D2A6BD000D065B6 /* AttenssionTableViewCell.h */,
				14B1A15F1D2A6BD000D065B6 /* AttenssionTableViewCell.m */,
			);
			path = View;
			sourceTree = "<group>";
		};
		14A680041D2704F60073FAAA /* ViewController */ = {
			isa = PBXGroup;
			children = (
				14A680051D2704F60073FAAA /* AttensionViewController.h */,
				14A680061D2704F60073FAAA /* AttensionViewController.m */,
			);
			path = ViewController;
			sourceTree = "<group>";
		};
		14A680071D2704F60073FAAA /* CustomTabBar */ = {
			isa = PBXGroup;
			children = (
				14A680081D2704F60073FAAA /* MyCustomTabBar.h */,
				14A680091D2704F60073FAAA /* MyCustomTabBar.m */,
			);
			path = CustomTabBar;
			sourceTree = "<group>";
		};
		14A6800A1D2704F60073FAAA /* home */ = {
			isa = PBXGroup;
			children = (
				14A6800B1D2704F60073FAAA /* Model */,
				14A6800C1D2704F60073FAAA /* View */,
				14A6800D1D2704F60073FAAA /* ViewController */,
			);
			path = home;
			sourceTree = "<group>";
		};
		14A6800B1D2704F60073FAAA /* Model */ = {
			isa = PBXGroup;
			children = (
			);
			path = Model;
			sourceTree = "<group>";
		};
		14A6800C1D2704F60073FAAA /* View */ = {
			isa = PBXGroup;
			children = (
				14A680331D2705F20073FAAA /* CollectionCellImageView.h */,
				14A680341D2705F20073FAAA /* CollectionCellImageView.m */,
				14E028D51D27B78D00767AF2 /* HorizontalScrollView.h */,
				14E028D61D27B78D00767AF2 /* HorizontalScrollView.m */,
				14E028D81D27DEF000767AF2 /* HomeTableHeaderView.h */,
				14E028D91D27DEF000767AF2 /* HomeTableHeaderView.m */,
				149E8EC51D2BB55C00B88951 /* HomeArticleListTableViewCell.h */,
				149E8EC61D2BB55C00B88951 /* HomeArticleListTableViewCell.m */,
			);
			path = View;
			sourceTree = "<group>";
		};
		14A6800D1D2704F60073FAAA /* ViewController */ = {
			isa = PBXGroup;
			children = (
				14A6800E1D2704F60073FAAA /* FindViewController.h */,
				14A6800F1D2704F60073FAAA /* FindViewController.m */,
				14E028D21D27B72D00767AF2 /* SearchResultViewController.h */,
				14E028D31D27B72D00767AF2 /* SearchResultViewController.m */,
			);
			path = ViewController;
			sourceTree = "<group>";
		};
		14A680181D2704F60073FAAA /* Message */ = {
			isa = PBXGroup;
			children = (
				14A680191D2704F60073FAAA /* Model */,
				14A6801A1D2704F60073FAAA /* View */,
				14A6801B1D2704F60073FAAA /* ViewController */,
			);
			path = Message;
			sourceTree = "<group>";
		};
		14A680191D2704F60073FAAA /* Model */ = {
			isa = PBXGroup;
			children = (
			);
			path = Model;
			sourceTree = "<group>";
		};
		14A6801A1D2704F60073FAAA /* View */ = {
			isa = PBXGroup;
			children = (
			);
			path = View;
			sourceTree = "<group>";
		};
		14A6801B1D2704F60073FAAA /* ViewController */ = {
			isa = PBXGroup;
			children = (
				14A6801C1D2704F60073FAAA /* NotificationViewController.h */,
				14A6801D1D2704F60073FAAA /* NotificationViewController.m */,
			);
			path = ViewController;
			sourceTree = "<group>";
		};
		14A6801E1D2704F60073FAAA /* PublicModel */ = {
			isa = PBXGroup;
			children = (
				14A6801F1D2704F60073FAAA /* public */,
			);
			path = PublicModel;
			sourceTree = "<group>";
		};
		14A6801F1D2704F60073FAAA /* public */ = {
			isa = PBXGroup;
			children = (
				14A680201D2704F60073FAAA /* PublicClass.h */,
				14A680211D2704F60073FAAA /* PublicClass.m */,
			);
			path = public;
			sourceTree = "<group>";
		};
		14A680221D2704F60073FAAA /* publish */ = {
			isa = PBXGroup;
			children = (
				14A680231D2704F60073FAAA /* Model */,
				14A680241D2704F60073FAAA /* View */,
				14A680251D2704F60073FAAA /* ViewController */,
			);
			path = publish;
			sourceTree = "<group>";
		};
		14A680231D2704F60073FAAA /* Model */ = {
			isa = PBXGroup;
			children = (
			);
			path = Model;
			sourceTree = "<group>";
		};
		14A680241D2704F60073FAAA /* View */ = {
			isa = PBXGroup;
			children = (
			);
			path = View;
			sourceTree = "<group>";
		};
		14A680251D2704F60073FAAA /* ViewController */ = {
			isa = PBXGroup;
			children = (
				14A680261D2704F60073FAAA /* PublishViewController.h */,
				14A680271D2704F60073FAAA /* PublishViewController.m */,
			);
			path = ViewController;
			sourceTree = "<group>";
		};
		42DB5CD6EA202EAE6D67A8F6 /* Pods */ = {
			isa = PBXGroup;
			children = (
				CC01C214373357DE24A22CD9 /* Pods-jianshuDemo.debug.xcconfig */,
				D16D3DBA8C730FC0CED39DCA /* Pods-jianshuDemo.release.xcconfig */,
			);
			name = Pods;
			sourceTree = "<group>";
		};
		8609137557A578F1495DF52F /* Frameworks */ = {
			isa = PBXGroup;
			children = (
				A3F14BAAE97C124A042D6A9F /* libPods-jianshuDemo.a */,
			);
			name = Frameworks;
			sourceTree = "<group>";
		};
/* End PBXGroup section */

/* Begin PBXNativeTarget section */
		145B0A4B1D2591BA004BE429 /* jianshuDemo */ = {
			isa = PBXNativeTarget;
			buildConfigurationList = 145B0A631D2591BA004BE429 /* Build configuration list for PBXNativeTarget "jianshuDemo" */;
			buildPhases = (
				72B53846194395A521DCBF7B /* [CP] Check Pods Manifest.lock */,
				145B0A481D2591BA004BE429 /* Sources */,
				145B0A491D2591BA004BE429 /* Frameworks */,
				145B0A4A1D2591BA004BE429 /* Resources */,
				0677116CD1FE8E4315AF599F /* [CP] Embed Pods Frameworks */,
				5C2FD0468D1D895641CC5535 /* [CP] Copy Pods Resources */,
			);
			buildRules = (
			);
			dependencies = (
			);
			name = jianshuDemo;
			productName = jianshuDemo;
			productReference = 145B0A4C1D2591BA004BE429 /* jianshuDemo.app */;
			productType = "com.apple.product-type.application";
		};
/* End PBXNativeTarget section */

/* Begin PBXProject section */
		145B0A441D2591BA004BE429 /* Project object */ = {
			isa = PBXProject;
			attributes = {
				LastUpgradeCheck = 0710;
				ORGANIZATIONNAME = quan;
				TargetAttributes = {
					145B0A4B1D2591BA004BE429 = {
						CreatedOnToolsVersion = 7.1;
						DevelopmentTeam = 5879G9AGD8;
					};
				};
			};
			buildConfigurationList = 145B0A471D2591BA004BE429 /* Build configuration list for PBXProject "jianshuDemo" */;
			compatibilityVersion = "Xcode 3.2";
			developmentRegion = English;
			hasScannedForEncodings = 0;
			knownRegions = (
				en,
				Base,
			);
			mainGroup = 145B0A431D2591BA004BE429;
			productRefGroup = 145B0A4D1D2591BA004BE429 /* Products */;
			projectDirPath = "";
			projectRoot = "";
			targets = (
				145B0A4B1D2591BA004BE429 /* jianshuDemo */,
			);
		};
/* End PBXProject section */

/* Begin PBXResourcesBuildPhase section */
		145B0A4A1D2591BA004BE429 /* Resources */ = {
			isa = PBXResourcesBuildPhase;
			buildActionMask = 2147483647;
			files = (
				145B0A5F1D2591BA004BE429 /* LaunchScreen.storyboard in Resources */,
				145B0A5C1D2591BA004BE429 /* Assets.xcassets in Resources */,
			);
			runOnlyForDeploymentPostprocessing = 0;
		};
/* End PBXResourcesBuildPhase section */

/* Begin PBXShellScriptBuildPhase section */
		0677116CD1FE8E4315AF599F /* [CP] Embed Pods Frameworks */ = {
			isa = PBXShellScriptBuildPhase;
			buildActionMask = 2147483647;
			files = (
			);
			inputPaths = (
			);
			name = "[CP] Embed Pods Frameworks";
			outputPaths = (
			);
			runOnlyForDeploymentPostprocessing = 0;
			shellPath = /bin/sh;
			shellScript = "\"${SRCROOT}/Pods/Target Support Files/Pods-jianshuDemo/Pods-jianshuDemo-frameworks.sh\"\n";
			showEnvVarsInLog = 0;
		};
		5C2FD0468D1D895641CC5535 /* [CP] Copy Pods Resources */ = {
			isa = PBXShellScriptBuildPhase;
			buildActionMask = 2147483647;
			files = (
			);
			inputPaths = (
			);
			name = "[CP] Copy Pods Resources";
			outputPaths = (
			);
			runOnlyForDeploymentPostprocessing = 0;
			shellPath = /bin/sh;
			shellScript = "\"${SRCROOT}/Pods/Target Support Files/Pods-jianshuDemo/Pods-jianshuDemo-resources.sh\"\n";
			showEnvVarsInLog = 0;
		};
		72B53846194395A521DCBF7B /* [CP] Check Pods Manifest.lock */ = {
			isa = PBXShellScriptBuildPhase;
			buildActionMask = 2147483647;
			files = (
			);
			inputPaths = (
			);
			name = "[CP] Check Pods Manifest.lock";
			outputPaths = (
			);
			runOnlyForDeploymentPostprocessing = 0;
			shellPath = /bin/sh;
			shellScript = "diff \"${PODS_ROOT}/../Podfile.lock\" \"${PODS_ROOT}/Manifest.lock\" > /dev/null\nif [[ $? != 0 ]] ; then\n    cat << EOM\nerror: The sandbox is not in sync with the Podfile.lock. Run 'pod install' or update your CocoaPods installation.\nEOM\n    exit 1\nfi\n";
			showEnvVarsInLog = 0;
		};
/* End PBXShellScriptBuildPhase section */

/* Begin PBXSourcesBuildPhase section */
		145B0A481D2591BA004BE429 /* Sources */ = {
			isa = PBXSourcesBuildPhase;
			buildActionMask = 2147483647;
			files = (
				14A680291D2704F60073FAAA /* MyCustomTabBar.m in Sources */,
				14974BA71D2C80E500A32D48 /* FQPopViewController.m in Sources */,
				14E3E75B1D2AD7A700D2E7D5 /* MineUserInformationClass.m in Sources */,
				14974BB01D2CB57400A32D48 /* MyInformationViewController.m in Sources */,
				14E028D41D27B72D00767AF2 /* SearchResultViewController.m in Sources */,
				145B0A541D2591BA004BE429 /* AppDelegate.m in Sources */,
				14E028DA1D27DEF000767AF2 /* HomeTableHeaderView.m in Sources */,
				14A6802E1D2704F60073FAAA /* PublicClass.m in Sources */,
				14F40E1C1D2D3CFD0039119A /* FQCustomToolbarView.m in Sources */,
				14A6802A1D2704F60073FAAA /* FindViewController.m in Sources */,
				1416A55A1D297A43003F0A6F /* MineTableViewCell.m in Sources */,
				14A680351D2705F20073FAAA /* CollectionCellImageView.m in Sources */,
				14A6802D1D2704F60073FAAA /* NotificationViewController.m in Sources */,
				145B0A511D2591BA004BE429 /* main.m in Sources */,
				14A6802F1D2704F60073FAAA /* PublishViewController.m in Sources */,
				149E8EC71D2BB55C00B88951 /* HomeArticleListTableViewCell.m in Sources */,
				14B1A1601D2A6BD000D065B6 /* AttenssionTableViewCell.m in Sources */,
				14E3E75E1D2ADBE700D2E7D5 /* MineTitleClass.m in Sources */,
				1454679D1D2C2E32005E153B /* FQPageScrollView.m in Sources */,
				14A680321D2705660073FAAA /* MyTabbarController.m in Sources */,
				14A680281D2704F60073FAAA /* AttensionViewController.m in Sources */,
				14974BAA1D2C81BE00A32D48 /* ArticleContentViewController.m in Sources */,
				1416A55B1D297A43003F0A6F /* MineViewController.m in Sources */,
				14E028D71D27B78D00767AF2 /* HorizontalScrollView.m in Sources */,
			);
			runOnlyForDeploymentPostprocessing = 0;
		};
/* End PBXSourcesBuildPhase section */

/* Begin PBXVariantGroup section */
		145B0A5D1D2591BA004BE429 /* LaunchScreen.storyboard */ = {
			isa = PBXVariantGroup;
			children = (
				145B0A5E1D2591BA004BE429 /* Base */,
			);
			name = LaunchScreen.storyboard;
			sourceTree = "<group>";
		};
/* End PBXVariantGroup section */

/* Begin XCBuildConfiguration section */
		145B0A611D2591BA004BE429 /* Debug */ = {
			isa = XCBuildConfiguration;
			buildSettings = {
				ALWAYS_SEARCH_USER_PATHS = NO;
				CLANG_CXX_LANGUAGE_STANDARD = "gnu++0x";
				CLANG_CXX_LIBRARY = "libc++";
				CLANG_ENABLE_MODULES = YES;
				CLANG_ENABLE_OBJC_ARC = YES;
				CLANG_WARN_BOOL_CONVERSION = YES;
				CLANG_WARN_CONSTANT_CONVERSION = YES;
				CLANG_WARN_DIRECT_OBJC_ISA_USAGE = YES_ERROR;
				CLANG_WARN_EMPTY_BODY = YES;
				CLANG_WARN_ENUM_CONVERSION = YES;
				CLANG_WARN_INT_CONVERSION = YES;
				CLANG_WARN_OBJC_ROOT_CLASS = YES_ERROR;
				CLANG_WARN_UNREACHABLE_CODE = YES;
				CLANG_WARN__DUPLICATE_METHOD_MATCH = YES;
				"CODE_SIGN_IDENTITY[sdk=iphoneos*]" = "iPhone Developer";
				COPY_PHASE_STRIP = NO;
				DEBUG_INFORMATION_FORMAT = dwarf;
				ENABLE_STRICT_OBJC_MSGSEND = YES;
				ENABLE_TESTABILITY = YES;
				GCC_C_LANGUAGE_STANDARD = gnu99;
				GCC_DYNAMIC_NO_PIC = NO;
				GCC_NO_COMMON_BLOCKS = YES;
				GCC_OPTIMIZATION_LEVEL = 0;
				GCC_PREPROCESSOR_DEFINITIONS = (
					"DEBUG=1",
					"$(inherited)",
				);
				GCC_WARN_64_TO_32_BIT_CONVERSION = YES;
				GCC_WARN_ABOUT_RETURN_TYPE = YES_ERROR;
				GCC_WARN_UNDECLARED_SELECTOR = YES;
				GCC_WARN_UNINITIALIZED_AUTOS = YES_AGGRESSIVE;
				GCC_WARN_UNUSED_FUNCTION = YES;
				GCC_WARN_UNUSED_VARIABLE = YES;
				IPHONEOS_DEPLOYMENT_TARGET = 9.1;
				MTL_ENABLE_DEBUG_INFO = YES;
				ONLY_ACTIVE_ARCH = YES;
				SDKROOT = iphoneos;
			};
			name = Debug;
		};
		145B0A621D2591BA004BE429 /* Release */ = {
			isa = XCBuildConfiguration;
			buildSettings = {
				ALWAYS_SEARCH_USER_PATHS = NO;
				CLANG_CXX_LANGUAGE_STANDARD = "gnu++0x";
				CLANG_CXX_LIBRARY = "libc++";
				CLANG_ENABLE_MODULES = YES;
				CLANG_ENABLE_OBJC_ARC = YES;
				CLANG_WARN_BOOL_CONVERSION = YES;
				CLANG_WARN_CONSTANT_CONVERSION = YES;
				CLANG_WARN_DIRECT_OBJC_ISA_USAGE = YES_ERROR;
				CLANG_WARN_EMPTY_BODY = YES;
				CLANG_WARN_ENUM_CONVERSION = YES;
				CLANG_WARN_INT_CONVERSION = YES;
				CLANG_WARN_OBJC_ROOT_CLASS = YES_ERROR;
				CLANG_WARN_UNREACHABLE_CODE = YES;
				CLANG_WARN__DUPLICATE_METHOD_MATCH = YES;
				"CODE_SIGN_IDENTITY[sdk=iphoneos*]" = "iPhone Developer";
				COPY_PHASE_STRIP = NO;
				DEBUG_INFORMATION_FORMAT = "dwarf-with-dsym";
				ENABLE_NS_ASSERTIONS = NO;
				ENABLE_STRICT_OBJC_MSGSEND = YES;
				GCC_C_LANGUAGE_STANDARD = gnu99;
				GCC_NO_COMMON_BLOCKS = YES;
				GCC_WARN_64_TO_32_BIT_CONVERSION = YES;
				GCC_WARN_ABOUT_RETURN_TYPE = YES_ERROR;
				GCC_WARN_UNDECLARED_SELECTOR = YES;
				GCC_WARN_UNINITIALIZED_AUTOS = YES_AGGRESSIVE;
				GCC_WARN_UNUSED_FUNCTION = YES;
				GCC_WARN_UNUSED_VARIABLE = YES;
				IPHONEOS_DEPLOYMENT_TARGET = 9.1;
				MTL_ENABLE_DEBUG_INFO = NO;
				SDKROOT = iphoneos;
				VALIDATE_PRODUCT = YES;
			};
			name = Release;
		};
		145B0A641D2591BA004BE429 /* Debug */ = {
			isa = XCBuildConfiguration;
			baseConfigurationReference = CC01C214373357DE24A22CD9 /* Pods-jianshuDemo.debug.xcconfig */;
			buildSettings = {
				ASSETCATALOG_COMPILER_APPICON_NAME = AppIcon;
				CODE_SIGN_IDENTITY = "iPhone Developer";
				"CODE_SIGN_IDENTITY[sdk=iphoneos*]" = "iPhone Developer";
				INFOPLIST_FILE = jianshuDemo/Info.plist;
				IPHONEOS_DEPLOYMENT_TARGET = 8.0;
				LD_RUNPATH_SEARCH_PATHS = "$(inherited) @executable_path/Frameworks";
				PRODUCT_BUNDLE_IDENTIFIER = quan.com.jianshuDemo;
				PRODUCT_NAME = "$(TARGET_NAME)";
				PROVISIONING_PROFILE = "";
			};
			name = Debug;
		};
		145B0A651D2591BA004BE429 /* Release */ = {
			isa = XCBuildConfiguration;
			baseConfigurationReference = D16D3DBA8C730FC0CED39DCA /* Pods-jianshuDemo.release.xcconfig */;
			buildSettings = {
				ASSETCATALOG_COMPILER_APPICON_NAME = AppIcon;
				CODE_SIGN_IDENTITY = "iPhone Developer";
				"CODE_SIGN_IDENTITY[sdk=iphoneos*]" = "iPhone Developer";
				INFOPLIST_FILE = jianshuDemo/Info.plist;
				IPHONEOS_DEPLOYMENT_TARGET = 8.0;
				LD_RUNPATH_SEARCH_PATHS = "$(inherited) @executable_path/Frameworks";
				PRODUCT_BUNDLE_IDENTIFIER = quan.com.jianshuDemo;
				PRODUCT_NAME = "$(TARGET_NAME)";
				PROVISIONING_PROFILE = "";
			};
			name = Release;
		};
/* End XCBuildConfiguration section */

/* Begin XCConfigurationList section */
		145B0A471D2591BA004BE429 /* Build configuration list for PBXProject "jianshuDemo" */ = {
			isa = XCConfigurationList;
			buildConfigurations = (
				145B0A611D2591BA004BE429 /* Debug */,
				145B0A621D2591BA004BE429 /* Release */,
			);
			defaultConfigurationIsVisible = 0;
			defaultConfigurationName = Release;
		};
		145B0A631D2591BA004BE429 /* Build configuration list for PBXNativeTarget "jianshuDemo" */ = {
			isa = XCConfigurationList;
			buildConfigurations = (
				145B0A641D2591BA004BE429 /* Debug */,
				145B0A651D2591BA004BE429 /* Release */,
			);
			defaultConfigurationIsVisible = 0;
			defaultConfigurationName = Release;
		};
/* End XCConfigurationList section */
	};
	rootObject = 145B0A441D2591BA004BE429 /* Project object */;
}
